
Microsoft Visual Studio Solution File, Format Version 12.00
# Visual Studio Version 16
VisualStudioVersion = 25.0.1704.0
MinimumVisualStudioVersion = 10.0.40219.1
Project("{FAE04EC0-301F-11D3-BF4B-00C04F79EFBC}") = "Classes", "Classes\Classes.csproj", "{5B1831D8-A0A0-4588-B861-7310774576D1}"
EndProject
Project("{2150E333-8FDC-42A3-9474-1A3956D46DE8}") = "Solution Items", "Solution Items", "{1B3DCC57-2155-49D8-BD13-8A8A58F30740}"
	ProjectSection(SolutionItems) = preProject
		README.md = README.md
	EndProjectSection
EndProject
Project("{FAE04EC0-301F-11D3-BF4B-00C04F79EFBC}") = "Car", "Car\Car.csproj", "{33D1C917-66D4-4301-BD53-0C186920F3D7}"
EndProject
Project("{FAE04EC0-301F-11D3-BF4B-00C04F79EFBC}") = "CarTests", "CarTests\CarTests.csproj", "{4663ACE8-5245-49BE-93A5-412F0E0609F6}"
EndProject
Global
	GlobalSection(SolutionConfigurationPlatforms) = preSolution
		Debug|Any CPU = Debug|Any CPU
		Release|Any CPU = Release|Any CPU
	EndGlobalSection
	GlobalSection(ProjectConfigurationPlatforms) = postSolution
		{5B1831D8-A0A0-4588-B861-7310774576D1}.Debug|Any CPU.ActiveCfg = Debug|Any CPU
		{5B1831D8-A0A0-4588-B861-7310774576D1}.Debug|Any CPU.Build.0 = Debug|Any CPU
		{5B1831D8-A0A0-4588-B861-7310774576D1}.Release|Any CPU.ActiveCfg = Release|Any CPU
		{5B1831D8-A0A0-4588-B861-7310774576D1}.Release|Any CPU.Build.0 = Release|Any CPU
		{33D1C917-66D4-4301-BD53-0C186920F3D7}.Debug|Any CPU.ActiveCfg = Debug|Any CPU
		{33D1C917-66D4-4301-BD53-0C186920F3D7}.Debug|Any CPU.Build.0 = Debug|Any CPU
		{33D1C917-66D4-4301-BD53-0C186920F3D7}.Release|Any CPU.ActiveCfg = Release|Any CPU
		{33D1C917-66D4-4301-BD53-0C186920F3D7}.Release|Any CPU.Build.0 = Release|Any CPU
		{4663ACE8-5245-49BE-93A5-412F0E0609F6}.Debug|Any CPU.ActiveCfg = Debug|Any CPU
		{4663ACE8-5245-49BE-93A5-412F0E0609F6}.Debug|Any CPU.Build.0 = Debug|Any CPU
		{4663ACE8-5245-49BE-93A5-412F0E0609F6}.Release|Any CPU.ActiveCfg = Release|Any CPU
		{4663ACE8-5245-49BE-93A5-412F0E0609F6}.Release|Any CPU.Build.0 = Release|Any CPU
	EndGlobalSection
	GlobalSection(SolutionProperties) = preSolution
		HideSolutionNode = FALSE
	EndGlobalSection
	GlobalSection(ExtensibilityGlobals) = postSolution
		SolutionGuid = {CDD0C28C-56A9-48D7-BC87-19A05AAAB136}
	EndGlobalSection
EndGlobal
